
Microsoft Visual Studio Solution File, Format Version 12.00
# Visual Studio Version 17
VisualStudioVersion = 17.0.31919.166
MinimumVisualStudioVersion = 10.0.40219.1
Project("{FAE04EC0-301F-11D3-BF4B-00C04F79EFBC}") = "HappyNewYear2022Ransomware", "HappyNewYear2022Ransomware.csproj", "{31C43FE1-8D23-4148-95BA-77C38AEF0A7B}"
EndProject
Project("{2150E333-8FDC-42A3-9474-1A3956D46DE8}") = "Solution Items", "Solution Items", "{8DD578B9-7072-49E9-8D1E-9DB329696185}"
	ProjectSection(SolutionItems) = preProject
		.editorconfig = .editorconfig
	EndProjectSection
EndProject
Global
	GlobalSection(SolutionConfigurationPlatforms) = preSolution
		Debug|Any CPU = Debug|Any CPU
		Release|Any CPU = Release|Any CPU
	EndGlobalSection
	GlobalSection(ProjectConfigurationPlatforms) = postSolution
		{31C43FE1-8D23-4148-95BA-77C38AEF0A7B}.Debug|Any CPU.ActiveCfg = Debug|Any CPU
		{31C43FE1-8D23-4148-95BA-77C38AEF0A7B}.Debug|Any CPU.Build.0 = Debug|Any CPU
		{31C43FE1-8D23-4148-95BA-77C38AEF0A7B}.Release|Any CPU.ActiveCfg = Release|Any CPU
		{31C43FE1-8D23-4148-95BA-77C38AEF0A7B}.Release|Any CPU.Build.0 = Release|Any CPU
	EndGlobalSection
	GlobalSection(SolutionProperties) = preSolution
		HideSolutionNode = FALSE
	EndGlobalSection
	GlobalSection(ExtensibilityGlobals) = postSolution
		SolutionGuid = {4777DE9E-5DA2-4909-898F-B5EE20759DB1}
	EndGlobalSection
EndGlobal
